
Microsoft Visual Studio Solution File, Format Version 12.00
# Visual Studio 15
VisualStudioVersion = 15.0.27428.2043
MinimumVisualStudioVersion = 10.0.40219.1
Project("{9A19103F-16F7-4668-BE54-9A1E7A4F7556}") = "LmsApp.Server", "LmsApp.Server\LmsApp.Server.csproj", "{A2F0B2D6-B6CE-455E-9FDA-A3A47CAAC9E9}"
EndProject
Project("{2150E333-8FDC-42A3-9474-1A3956D46DE8}") = "01 Server", "01 Server", "{44C259CF-B5B2-4896-A68A-FF1EC69E8B02}"
EndProject
Project("{2150E333-8FDC-42A3-9474-1A3956D46DE8}") = "02 Service", "02 Service", "{77F6354A-CBE8-43F9-985A-26E385D64610}"
EndProject
Project("{2150E333-8FDC-42A3-9474-1A3956D46DE8}") = "03 Model", "03 Model", "{8E22B36D-7100-4944-9647-A7D00295BF44}"
EndProject
Project("{2150E333-8FDC-42A3-9474-1A3956D46DE8}") = "04 Repository", "04 Repository", "{C3A41BFE-D5D1-4A7F-A97A-60909DA66429}"
EndProject
Project("{2150E333-8FDC-42A3-9474-1A3956D46DE8}") = "05 Utility", "05 Utility", "{085C014D-5A56-4B51-BBB9-54E6ADFF2C2A}"
EndProject
Project("{9A19103F-16F7-4668-BE54-9A1E7A4F7556}") = "Model", "Model\Model.csproj", "{A3B8D609-942B-436D-AA87-8EE46A3D047F}"
EndProject
Project("{FAE04EC0-301F-11D3-BF4B-00C04F79EFBC}") = "ViewModel", "ViewModel\ViewModel.csproj", "{71ACBCC7-8625-4FC9-843F-6F3A250C2256}"
EndProject
Project("{FAE04EC0-301F-11D3-BF4B-00C04F79EFBC}") = "RequestModel", "RequestModel\RequestModel.csproj", "{1C38D18E-D4C7-4067-BD9A-6BDFFAA5661C}"
EndProject
Project("{FAE04EC0-301F-11D3-BF4B-00C04F79EFBC}") = "Repository", "Repository\Repository.csproj", "{86CAF721-49EE-460E-8515-0B4AE9E4AAFE}"
EndProject
Project("{FAE04EC0-301F-11D3-BF4B-00C04F79EFBC}") = "Service", "Service\Service.csproj", "{7507650E-0F88-426B-A0E4-57B8DCEF9BEE}"
EndProject
Global
	GlobalSection(SolutionConfigurationPlatforms) = preSolution
		Debug|Any CPU = Debug|Any CPU
		Release|Any CPU = Release|Any CPU
	EndGlobalSection
	GlobalSection(ProjectConfigurationPlatforms) = postSolution
		{A2F0B2D6-B6CE-455E-9FDA-A3A47CAAC9E9}.Debug|Any CPU.ActiveCfg = Debug|Any CPU
		{A2F0B2D6-B6CE-455E-9FDA-A3A47CAAC9E9}.Debug|Any CPU.Build.0 = Debug|Any CPU
		{A2F0B2D6-B6CE-455E-9FDA-A3A47CAAC9E9}.Release|Any CPU.ActiveCfg = Release|Any CPU
		{A2F0B2D6-B6CE-455E-9FDA-A3A47CAAC9E9}.Release|Any CPU.Build.0 = Release|Any CPU
		{A3B8D609-942B-436D-AA87-8EE46A3D047F}.Debug|Any CPU.ActiveCfg = Debug|Any CPU
		{A3B8D609-942B-436D-AA87-8EE46A3D047F}.Debug|Any CPU.Build.0 = Debug|Any CPU
		{A3B8D609-942B-436D-AA87-8EE46A3D047F}.Release|Any CPU.ActiveCfg = Release|Any CPU
		{A3B8D609-942B-436D-AA87-8EE46A3D047F}.Release|Any CPU.Build.0 = Release|Any CPU
		{71ACBCC7-8625-4FC9-843F-6F3A250C2256}.Debug|Any CPU.ActiveCfg = Debug|Any CPU
		{71ACBCC7-8625-4FC9-843F-6F3A250C2256}.Debug|Any CPU.Build.0 = Debug|Any CPU
		{71ACBCC7-8625-4FC9-843F-6F3A250C2256}.Release|Any CPU.ActiveCfg = Release|Any CPU
		{71ACBCC7-8625-4FC9-843F-6F3A250C2256}.Release|Any CPU.Build.0 = Release|Any CPU
		{1C38D18E-D4C7-4067-BD9A-6BDFFAA5661C}.Debug|Any CPU.ActiveCfg = Debug|Any CPU
		{1C38D18E-D4C7-4067-BD9A-6BDFFAA5661C}.Debug|Any CPU.Build.0 = Debug|Any CPU
		{1C38D18E-D4C7-4067-BD9A-6BDFFAA5661C}.Release|Any CPU.ActiveCfg = Release|Any CPU
		{1C38D18E-D4C7-4067-BD9A-6BDFFAA5661C}.Release|Any CPU.Build.0 = Release|Any CPU
		{86CAF721-49EE-460E-8515-0B4AE9E4AAFE}.Debug|Any CPU.ActiveCfg = Debug|Any CPU
		{86CAF721-49EE-460E-8515-0B4AE9E4AAFE}.Debug|Any CPU.Build.0 = Debug|Any CPU
		{86CAF721-49EE-460E-8515-0B4AE9E4AAFE}.Release|Any CPU.ActiveCfg = Release|Any CPU
		{86CAF721-49EE-460E-8515-0B4AE9E4AAFE}.Release|Any CPU.Build.0 = Release|Any CPU
		{7507650E-0F88-426B-A0E4-57B8DCEF9BEE}.Debug|Any CPU.ActiveCfg = Debug|Any CPU
		{7507650E-0F88-426B-A0E4-57B8DCEF9BEE}.Debug|Any CPU.Build.0 = Debug|Any CPU
		{7507650E-0F88-426B-A0E4-57B8DCEF9BEE}.Release|Any CPU.ActiveCfg = Release|Any CPU
		{7507650E-0F88-426B-A0E4-57B8DCEF9BEE}.Release|Any CPU.Build.0 = Release|Any CPU
	EndGlobalSection
	GlobalSection(SolutionProperties) = preSolution
		HideSolutionNode = FALSE
	EndGlobalSection
	GlobalSection(NestedProjects) = preSolution
		{A2F0B2D6-B6CE-455E-9FDA-A3A47CAAC9E9} = {44C259CF-B5B2-4896-A68A-FF1EC69E8B02}
		{A3B8D609-942B-436D-AA87-8EE46A3D047F} = {8E22B36D-7100-4944-9647-A7D00295BF44}
		{71ACBCC7-8625-4FC9-843F-6F3A250C2256} = {8E22B36D-7100-4944-9647-A7D00295BF44}
		{1C38D18E-D4C7-4067-BD9A-6BDFFAA5661C} = {8E22B36D-7100-4944-9647-A7D00295BF44}
		{86CAF721-49EE-460E-8515-0B4AE9E4AAFE} = {C3A41BFE-D5D1-4A7F-A97A-60909DA66429}
		{7507650E-0F88-426B-A0E4-57B8DCEF9BEE} = {77F6354A-CBE8-43F9-985A-26E385D64610}
	EndGlobalSection
	GlobalSection(ExtensibilityGlobals) = postSolution
		SolutionGuid = {9FF84B12-416F-4B35-A27F-B6C4B428D3EF}
	EndGlobalSection
EndGlobal
